{
  "version": 4,
  "terraform_version": "1.14.8",
  "serial": 7,
  "lineage": "545026d7-b0ec-39c1-61e1-6b29766d67c1",
  "outputs": {},
  "resources": [
    {
      "mode": "managed",
      "type": "local_file",
      "name": "example1",
      "provider": "provider[\"registry.terraform.io/hashicorp/local\"]",
      "instances": [
        {
          "index_key": 0,
          "schema_version": 0,
          "attributes": {
            "content": "Hello World",
            "content_base64": null,
            "content_base64sha256": "pZGm1Av0IEBKARczz7exkNYsZb8LzaMrV7J32a2fFG4=",
            "content_base64sha512": "LHT9F+2v2A6ER7DUZ0HuJDt+t03SFJoKsbkkb7MDgvJ+hT2FhXGeDmfL2g2qj1FnEGRhXWRa4nrLFb+xRH9Fmw==",
            "content_md5": "b10a8db164e0754105b7a99be72e3fe5",
            "content_sha1": "0a4d55a8d778e5022fab701977c5d840bbc486d0",
            "content_sha256": "a591a6d40bf420404a011733cfb7b190d62c65bf0bcda32b57b277d9ad9f146e",
            "content_sha512": "2c74fd17edafd80e8447b0d46741ee243b7eb74dd2149a0ab1b9246fb30382f27e853d8585719e0e67cbda0daa8f51671064615d645ae27acb15bfb1447f459b",
            "directory_permission": "0777",
            "file_permission": "0777",
            "filename": "./files/example1.txt",
            "id": "0a4d55a8d778e5022fab701977c5d840bbc486d0",
            "sensitive_content": null,
            "source": null
          },
          "sensitive_attributes": [
            [
              {
                "type": "get_attr",
                "value": "sensitive_content"
              }
            ]
          ],
          "identity_schema_version": 0
        }
      ]
    },
    {
      "mode": "managed",
      "type": "local_file",
      "name": "example2",
      "provider": "provider[\"registry.terraform.io/hashicorp/local\"]",
      "instances": [
        {
          "schema_version": 0,
          "attributes": {
            "content": "alert('hello')",
            "content_base64": null,
            "content_base64sha256": "vIsp2avtxDy0157AryO+jEJVpLdmka7PI7o7C4q5ABE=",
            "content_base64sha512": "7KRChtfgV+ycikAHzXtMdnw6T/evrxzz3NoGomu0FyGe27JhRVKfRmhJBQHKVN6PB7wxRRQ4sLp8BZOVFedT2g==",
            "content_md5": "48aedf45ebf53c05f0bc4afd1fa14592",
            "content_sha1": "200a02bfa291d98046979d8c057e3968b0de510f",
            "content_sha256": "bc8b29d9abedc43cb4d79ec0af23be8c4255a4b76691aecf23ba3b0b8ab90011",
            "content_sha512": "eca44286d7e057ec9c8a4007cd7b4c767c3a4ff7afaf1cf3dcda06a26bb417219edbb26145529f4668490501ca54de8f07bc31451438b0ba7c05939515e753da",
            "directory_permission": "0777",
            "file_permission": "0777",
            "filename": "./files/example2.js",
            "id": "200a02bfa291d98046979d8c057e3968b0de510f",
            "sensitive_content": null,
            "source": null
          },
          "sensitive_attributes": [
            [
              {
                "type": "get_attr",
                "value": "sensitive_content"
              }
            ]
          ],
          "identity_schema_version": 0
        }
      ]
    }
  ],
  "check_results": null
}
