{
  "version": 4,
  "terraform_version": "1.14.8",
  "serial": 21,
  "lineage": "a8b43b7d-dcfb-2767-415c-c220718814fa",
  "outputs": {},
  "resources": [
    {
      "mode": "managed",
      "type": "local_file",
      "name": "tf_example1",
      "provider": "provider[\"registry.terraform.io/hashicorp/local\"]",
      "instances": [
        {
          "index_key": 0,
          "schema_version": 0,
          "attributes": {
            "content": "This is updated content for example1.txt created by Terraform using local provider.",
            "content_base64": null,
            "content_base64sha256": "q8h1Y8kwUIjrkHv2Tq2roE6Kye9bAKjGZr8a0J8k3xs=",
            "content_base64sha512": "pn3npjaQILF63jcN0HOWy2ZoiHZcjSbloSX9fSk/tz73WwXhysgmnJVOrjNndTwoUbRYu6agsdIvVhel7Q/RpQ==",
            "content_md5": "9c4695d46ed95fff8cf5137f6a43f33d",
            "content_sha1": "11809535a2932c59eefd4fc71839916493a33c72",
            "content_sha256": "abc87563c9305088eb907bf64eadaba04e8ac9ef5b00a8c666bf1ad09f24df1b",
            "content_sha512": "a67de7a6369020b17ade370dd07396cb666888765c8d26e5a125fd7d293fb73ef75b05e1cac8269c954eae3367753c2851b458bba6a0b1d22f5617a5ed0fd1a5",
            "directory_permission": "0777",
            "file_permission": "0777",
            "filename": "./example0.txt",
            "id": "11809535a2932c59eefd4fc71839916493a33c72",
            "sensitive_content": null,
            "source": null
          },
          "sensitive_attributes": [
            [
              {
                "type": "get_attr",
                "value": "sensitive_content"
              }
            ]
          ],
          "identity_schema_version": 0
        },
        {
          "index_key": 1,
          "schema_version": 0,
          "attributes": {
            "content": "This is updated content for example1.txt created by Terraform using local provider.",
            "content_base64": null,
            "content_base64sha256": "q8h1Y8kwUIjrkHv2Tq2roE6Kye9bAKjGZr8a0J8k3xs=",
            "content_base64sha512": "pn3npjaQILF63jcN0HOWy2ZoiHZcjSbloSX9fSk/tz73WwXhysgmnJVOrjNndTwoUbRYu6agsdIvVhel7Q/RpQ==",
            "content_md5": "9c4695d46ed95fff8cf5137f6a43f33d",
            "content_sha1": "11809535a2932c59eefd4fc71839916493a33c72",
            "content_sha256": "abc87563c9305088eb907bf64eadaba04e8ac9ef5b00a8c666bf1ad09f24df1b",
            "content_sha512": "a67de7a6369020b17ade370dd07396cb666888765c8d26e5a125fd7d293fb73ef75b05e1cac8269c954eae3367753c2851b458bba6a0b1d22f5617a5ed0fd1a5",
            "directory_permission": "0777",
            "file_permission": "0777",
            "filename": "./example1.txt",
            "id": "11809535a2932c59eefd4fc71839916493a33c72",
            "sensitive_content": null,
            "source": null
          },
          "sensitive_attributes": [
            [
              {
                "type": "get_attr",
                "value": "sensitive_content"
              }
            ]
          ],
          "identity_schema_version": 0
        },
        {
          "index_key": 2,
          "schema_version": 0,
          "attributes": {
            "content": "This is updated content for example1.txt created by Terraform using local provider.",
            "content_base64": null,
            "content_base64sha256": "q8h1Y8kwUIjrkHv2Tq2roE6Kye9bAKjGZr8a0J8k3xs=",
            "content_base64sha512": "pn3npjaQILF63jcN0HOWy2ZoiHZcjSbloSX9fSk/tz73WwXhysgmnJVOrjNndTwoUbRYu6agsdIvVhel7Q/RpQ==",
            "content_md5": "9c4695d46ed95fff8cf5137f6a43f33d",
            "content_sha1": "11809535a2932c59eefd4fc71839916493a33c72",
            "content_sha256": "abc87563c9305088eb907bf64eadaba04e8ac9ef5b00a8c666bf1ad09f24df1b",
            "content_sha512": "a67de7a6369020b17ade370dd07396cb666888765c8d26e5a125fd7d293fb73ef75b05e1cac8269c954eae3367753c2851b458bba6a0b1d22f5617a5ed0fd1a5",
            "directory_permission": "0777",
            "file_permission": "0777",
            "filename": "./example2.txt",
            "id": "11809535a2932c59eefd4fc71839916493a33c72",
            "sensitive_content": null,
            "source": null
          },
          "sensitive_attributes": [
            [
              {
                "type": "get_attr",
                "value": "sensitive_content"
              }
            ]
          ],
          "identity_schema_version": 0
        }
      ]
    },
    {
      "mode": "managed",
      "type": "local_sensitive_file",
      "name": "tf_example2",
      "provider": "provider[\"registry.terraform.io/hashicorp/local\"]",
      "instances": [
        {
          "schema_version": 0,
          "attributes": {
            "content": "This is updated content for example2.txt created by Terraform using local provider.",
            "content_base64": null,
            "content_base64sha256": "WLH59FxowotulNLmgX3+anzsNEPQL1jOhdd+9hNRQiQ=",
            "content_base64sha512": "DCycctTeNDmyiuoCtiIpyGoGSJJlXDGFP9r6j3hVZiGziI0S0hDiM5W29yCv3hAuWmZxfW39Pu9pgTMIwiEaCQ==",
            "content_md5": "98fdbddf652469f3cd0a4b3794f20bf1",
            "content_sha1": "acb2ec7da321f67c8c895928009ccc081efab6bd",
            "content_sha256": "58b1f9f45c68c28b6e94d2e6817dfe6a7cec3443d02f58ce85d77ef613514224",
            "content_sha512": "0c2c9c72d4de3439b28aea02b62229c86a064892655c31853fdafa8f78556621b3888d12d210e23395b6f720afde102e5a66717d6dfd3eef69813308c2211a09",
            "directory_permission": "0700",
            "file_permission": "0700",
            "filename": "./example2.txt",
            "id": "acb2ec7da321f67c8c895928009ccc081efab6bd",
            "source": null
          },
          "sensitive_attributes": [
            [
              {
                "type": "get_attr",
                "value": "content"
              }
            ],
            [
              {
                "type": "get_attr",
                "value": "content_base64"
              }
            ]
          ],
          "identity_schema_version": 0
        }
      ]
    }
  ],
  "check_results": null
}
