{
  "version": 4,
  "terraform_version": "1.14.8",
  "serial": 4,
  "lineage": "bf680704-3323-ae3b-8a42-5ff8748b1a3c",
  "outputs": {},
  "resources": [
    {
      "mode": "managed",
      "type": "local_file",
      "name": "example1",
      "provider": "provider[\"registry.terraform.io/hashicorp/local\"]",
      "instances": [
        {
          "schema_version": 0,
          "attributes": {
            "content": "this is demo content -1",
            "content_base64": null,
            "content_base64sha256": "m3oE70o5eoxZlA+v9azcTG6bw0K98DiXbhPTMiieFFo=",
            "content_base64sha512": "NYdN3PZ57k0pkqixkhYGiPgQGWXwiexGWVT6IiW0lUysrfLzp+zHL05p3Q+9ImA6w1hDgBGz04KWqKXvnFOv6Q==",
            "content_md5": "706097f048f62b3b88bc7a87b98e5429",
            "content_sha1": "8da50d4fd8cafab8f764f7bbb4d59af39518b645",
            "content_sha256": "9b7a04ef4a397a8c59940faff5acdc4c6e9bc342bdf038976e13d332289e145a",
            "content_sha512": "35874ddcf679ee4d2992a8b192160688f8101965f089ec465954fa2225b4954cacadf2f3a7ecc72f4e69dd0fbd22603ac358438011b3d38296a8a5ef9c53afe9",
            "directory_permission": "0777",
            "file_permission": "0777",
            "filename": "./example.txt",
            "id": "8da50d4fd8cafab8f764f7bbb4d59af39518b645",
            "sensitive_content": null,
            "source": null
          },
          "sensitive_attributes": [
            [
              {
                "type": "get_attr",
                "value": "sensitive_content"
              }
            ]
          ],
          "identity_schema_version": 0
        }
      ]
    }
  ],
  "check_results": null
}
